{
  "nodes": {
    "home-manager": {
      "inputs": {
        "nixpkgs": [
          "nixpkgs"
        ]
      },
      "locked": {
        "lastModified": 1686715156,
        "narHash": "sha256-91S5sWEDREACTu7411J9dhHVGgK9eSeGz4bGCuu/kLo=",
        "owner": "nix-community",
        "repo": "home-manager",
        "rev": "5db22bce05c776057fdb289da17f6c12049c4624",
        "type": "github"
      },
      "original": {
        "owner": "nix-community",
        "repo": "home-manager",
        "type": "github"
      }
    },
    "nixos-hardware": {
      "locked": {
        "lastModified": 1686452266,
        "narHash": "sha256-zLKiX0iu6jZFeZDpR1gE6fNyMr8eiM8GLnj9SoUCjFs=",
        "owner": "NixOS",
        "repo": "nixos-hardware",
        "rev": "2a807ad6e8dc458db08588b78cc3c0f0ec4ff321",
        "type": "github"
      },
      "original": {
        "owner": "NixOS",
        "ref": "master",
        "repo": "nixos-hardware",
        "type": "github"
      }
    },
    "nixpkgs": {
      "locked": {
        "lastModified": 1686501370,
        "narHash": "sha256-G0WuM9fqTPRc2URKP9Lgi5nhZMqsfHGrdEbrLvAPJcg=",
        "owner": "nixos",
        "repo": "nixpkgs",
        "rev": "75a5ebf473cd60148ba9aec0d219f72e5cf52519",
        "type": "github"
      },
      "original": {
        "owner": "nixos",
        "ref": "nixos-unstable",
        "repo": "nixpkgs",
        "type": "github"
      }
    },
    "root": {
      "inputs": {
        "home-manager": "home-manager",
        "nixos-hardware": "nixos-hardware",
        "nixpkgs": "nixpkgs"
      }
    }
  },
  "root": "root",
  "version": 7
}
